
Microsoft Visual Studio Solution File, Format Version 12.00
# Visual Studio Version 16
VisualStudioVersion = 16.0.32002.261
MinimumVisualStudioVersion = 10.0.40219.1
Project("{FAE04EC0-301F-11D3-BF4B-00C04F79EFBC}") = "r10546039YiDaLinAss11", "r10546039YiDaLinAss11\r10546039YiDaLinAss11.csproj", "{B3AABC24-6269-4C9D-8574-4482534DB7F0}"
EndProject
Global
	GlobalSection(SolutionConfigurationPlatforms) = preSolution
		Debug|Any CPU = Debug|Any CPU
		Release|Any CPU = Release|Any CPU
	EndGlobalSection
	GlobalSection(ProjectConfigurationPlatforms) = postSolution
		{B3AABC24-6269-4C9D-8574-4482534DB7F0}.Debug|Any CPU.ActiveCfg = Debug|Any CPU
		{B3AABC24-6269-4C9D-8574-4482534DB7F0}.Debug|Any CPU.Build.0 = Debug|Any CPU
		{B3AABC24-6269-4C9D-8574-4482534DB7F0}.Release|Any CPU.ActiveCfg = Release|Any CPU
		{B3AABC24-6269-4C9D-8574-4482534DB7F0}.Release|Any CPU.Build.0 = Release|Any CPU
	EndGlobalSection
	GlobalSection(SolutionProperties) = preSolution
		HideSolutionNode = FALSE
	EndGlobalSection
	GlobalSection(ExtensibilityGlobals) = postSolution
		SolutionGuid = {111CDEBE-EB41-434F-BFFC-5F83E2CFF8EF}
	EndGlobalSection
EndGlobal
